
Microsoft Visual Studio Solution File, Format Version 12.00
Project("{FAE04EC0-301F-11D3-BF4B-00C04F79EFBC}") = "Benchmark", "Benchmark\Benchmark.csproj", "{C3BC3F38-21BD-4815-8377-DF7B1896D585}"
EndProject
Project("{FAE04EC0-301F-11D3-BF4B-00C04F79EFBC}") = "DefaultLogging", "DefaultLogging\DefaultLogging.csproj", "{0C59C50F-37A8-4D33-B3AB-52249953612B}"
EndProject
Global
	GlobalSection(SolutionConfigurationPlatforms) = preSolution
		Debug|Any CPU = Debug|Any CPU
		Release|Any CPU = Release|Any CPU
	EndGlobalSection
	GlobalSection(ProjectConfigurationPlatforms) = postSolution
		{C3BC3F38-21BD-4815-8377-DF7B1896D585}.Debug|Any CPU.ActiveCfg = Debug|Any CPU
		{C3BC3F38-21BD-4815-8377-DF7B1896D585}.Debug|Any CPU.Build.0 = Debug|Any CPU
		{C3BC3F38-21BD-4815-8377-DF7B1896D585}.Release|Any CPU.ActiveCfg = Release|Any CPU
		{C3BC3F38-21BD-4815-8377-DF7B1896D585}.Release|Any CPU.Build.0 = Release|Any CPU
		{0C59C50F-37A8-4D33-B3AB-52249953612B}.Debug|Any CPU.ActiveCfg = Debug|Any CPU
		{0C59C50F-37A8-4D33-B3AB-52249953612B}.Debug|Any CPU.Build.0 = Debug|Any CPU
		{0C59C50F-37A8-4D33-B3AB-52249953612B}.Release|Any CPU.ActiveCfg = Release|Any CPU
		{0C59C50F-37A8-4D33-B3AB-52249953612B}.Release|Any CPU.Build.0 = Release|Any CPU
	EndGlobalSection
EndGlobal
